
Microsoft Visual Studio Solution File, Format Version 12.00
# Visual Studio Version 16
VisualStudioVersion = 16.0.31624.102
MinimumVisualStudioVersion = 10.0.40219.1
Project("{FAE04EC0-301F-11D3-BF4B-00C04F79EFBC}") = "TP", "TP\TP.csproj", "{E532DC9C-7E7C-40AD-A8CB-7DDF7CD91B08}"
EndProject
Global
	GlobalSection(SolutionConfigurationPlatforms) = preSolution
		Debug|Any CPU = Debug|Any CPU
		Release|Any CPU = Release|Any CPU
	EndGlobalSection
	GlobalSection(ProjectConfigurationPlatforms) = postSolution
		{E532DC9C-7E7C-40AD-A8CB-7DDF7CD91B08}.Debug|Any CPU.ActiveCfg = Debug|Any CPU
		{E532DC9C-7E7C-40AD-A8CB-7DDF7CD91B08}.Debug|Any CPU.Build.0 = Debug|Any CPU
		{E532DC9C-7E7C-40AD-A8CB-7DDF7CD91B08}.Release|Any CPU.ActiveCfg = Release|Any CPU
		{E532DC9C-7E7C-40AD-A8CB-7DDF7CD91B08}.Release|Any CPU.Build.0 = Release|Any CPU
	EndGlobalSection
	GlobalSection(SolutionProperties) = preSolution
		HideSolutionNode = FALSE
	EndGlobalSection
	GlobalSection(ExtensibilityGlobals) = postSolution
		SolutionGuid = {E8468920-73C3-4419-84DA-D0A338474FFC}
	EndGlobalSection
EndGlobal
